
Microsoft Visual Studio Solution File, Format Version 12.00
# Visual Studio Version 16
VisualStudioVersion = 16.0.30330.147
MinimumVisualStudioVersion = 10.0.40219.1
Project("{9A19103F-16F7-4668-BE54-9A1E7A4F7556}") = "TZ.CountryAddress", "TZ.CountryAddress\TZ.CountryAddress.csproj", "{CA6F503C-E6A9-48E9-93FF-6E09E3766837}"
EndProject
Project("{FAE04EC0-301F-11D3-BF4B-00C04F79EFBC}") = "Demo", "Demo\Demo.csproj", "{845947A1-873E-4551-8724-4B89318A11A1}"
EndProject
Global
	GlobalSection(SolutionConfigurationPlatforms) = preSolution
		Debug|Any CPU = Debug|Any CPU
		Release|Any CPU = Release|Any CPU
	EndGlobalSection
	GlobalSection(ProjectConfigurationPlatforms) = postSolution
		{CA6F503C-E6A9-48E9-93FF-6E09E3766837}.Debug|Any CPU.ActiveCfg = Debug|Any CPU
		{CA6F503C-E6A9-48E9-93FF-6E09E3766837}.Debug|Any CPU.Build.0 = Debug|Any CPU
		{CA6F503C-E6A9-48E9-93FF-6E09E3766837}.Release|Any CPU.ActiveCfg = Release|Any CPU
		{CA6F503C-E6A9-48E9-93FF-6E09E3766837}.Release|Any CPU.Build.0 = Release|Any CPU
		{845947A1-873E-4551-8724-4B89318A11A1}.Debug|Any CPU.ActiveCfg = Debug|Any CPU
		{845947A1-873E-4551-8724-4B89318A11A1}.Debug|Any CPU.Build.0 = Debug|Any CPU
		{845947A1-873E-4551-8724-4B89318A11A1}.Release|Any CPU.ActiveCfg = Release|Any CPU
		{845947A1-873E-4551-8724-4B89318A11A1}.Release|Any CPU.Build.0 = Release|Any CPU
	EndGlobalSection
	GlobalSection(SolutionProperties) = preSolution
		HideSolutionNode = FALSE
	EndGlobalSection
	GlobalSection(ExtensibilityGlobals) = postSolution
		SolutionGuid = {693C64A8-8388-4B41-8785-02FFDFD5713C}
	EndGlobalSection
EndGlobal
